
Microsoft Visual Studio Solution File, Format Version 12.00
# Visual Studio Version 16
VisualStudioVersion = 16.0.32106.194
MinimumVisualStudioVersion = 10.0.40219.1
Project("{FAE04EC0-301F-11D3-BF4B-00C04F79EFBC}") = "PmwebProjeto", "PmwebProjeto.csproj", "{6BA7CCA9-3F96-4CA3-AF28-CB87535F6160}"
EndProject
Global
	GlobalSection(SolutionConfigurationPlatforms) = preSolution
		Debug|Any CPU = Debug|Any CPU
		Release|Any CPU = Release|Any CPU
	EndGlobalSection
	GlobalSection(ProjectConfigurationPlatforms) = postSolution
		{6BA7CCA9-3F96-4CA3-AF28-CB87535F6160}.Debug|Any CPU.ActiveCfg = Debug|Any CPU
		{6BA7CCA9-3F96-4CA3-AF28-CB87535F6160}.Debug|Any CPU.Build.0 = Debug|Any CPU
		{6BA7CCA9-3F96-4CA3-AF28-CB87535F6160}.Release|Any CPU.ActiveCfg = Release|Any CPU
		{6BA7CCA9-3F96-4CA3-AF28-CB87535F6160}.Release|Any CPU.Build.0 = Release|Any CPU
	EndGlobalSection
	GlobalSection(SolutionProperties) = preSolution
		HideSolutionNode = FALSE
	EndGlobalSection
	GlobalSection(ExtensibilityGlobals) = postSolution
		SolutionGuid = {3666BB01-126C-4F26-BA73-FC12B18696F2}
	EndGlobalSection
EndGlobal
